PODS:
  - IGListKit (3.0.0):
    - IGListKit/Default (= 3.0.0)
  - IGListKit/Default (3.0.0):
    - IGListKit/Diffing
  - IGListKit/Diffing (3.0.0)

DEPENDENCIES:
  - IGListKit (~> 3.0)

SPEC CHECKSUMS:
  IGListKit: 9eab6856a15fa25ad72018ff9d9eb2178c240fff

PODFILE CHECKSUM: 93889190a89c77bbe4bdf64250f9d55be4b54256

COCOAPODS: 1.3.1
